
Microsoft Visual Studio Solution File, Format Version 12.00
# Visual Studio Version 17
VisualStudioVersion = 17.4.33122.133
MinimumVisualStudioVersion = 10.0.40219.1
Project("{9A19103F-16F7-4668-BE54-9A1E7A4F7556}") = "AdventOfCode", "AdventOfCode\AdventOfCode.csproj", "{9A034066-B5B7-41CC-AB1C-44CB134E35BE}"
EndProject
Project("{2150E333-8FDC-42A3-9474-1A3956D46DE8}") = "Solution Items", "Solution Items", "{22F0C2E7-7958-4F88-9A6A-C3D23D75B6F9}"
	ProjectSection(SolutionItems) = preProject
		.editorconfig = .editorconfig
	EndProjectSection
EndProject
Global
	GlobalSection(SolutionConfigurationPlatforms) = preSolution
		Debug|Any CPU = Debug|Any CPU
		Release|Any CPU = Release|Any CPU
	EndGlobalSection
	GlobalSection(ProjectConfigurationPlatforms) = postSolution
		{9A034066-B5B7-41CC-AB1C-44CB134E35BE}.Debug|Any CPU.ActiveCfg = Debug|Any CPU
		{9A034066-B5B7-41CC-AB1C-44CB134E35BE}.Debug|Any CPU.Build.0 = Debug|Any CPU
		{9A034066-B5B7-41CC-AB1C-44CB134E35BE}.Release|Any CPU.ActiveCfg = Release|Any CPU
		{9A034066-B5B7-41CC-AB1C-44CB134E35BE}.Release|Any CPU.Build.0 = Release|Any CPU
	EndGlobalSection
	GlobalSection(SolutionProperties) = preSolution
		HideSolutionNode = FALSE
	EndGlobalSection
	GlobalSection(ExtensibilityGlobals) = postSolution
		SolutionGuid = {652E4EB6-8263-4041-939A-D48B63AAA997}
	EndGlobalSection
EndGlobal
